
Microsoft Visual Studio Solution File, Format Version 12.00
# Visual Studio Express 2013 for Windows Desktop
VisualStudioVersion = 12.0.31101.0
MinimumVisualStudioVersion = 10.0.40219.1
Project("{2150E333-8FDC-42A3-9474-1A3956D46DE8}") = "Projects", "Projects", "{73C62113-20AF-4A09-B09E-8850D96FE247}"
EndProject
Project("{2150E333-8FDC-42A3-9474-1A3956D46DE8}") = "References", "References", "{206A43F6-A4B3-4648-A6F4-032BE4FB2C3F}"
EndProject
Project("{2150E333-8FDC-42A3-9474-1A3956D46DE8}") = "Libraries", "Libraries", "{A66E6C3F-4486-41A9-A67B-0DE6BA621915}"
EndProject
Project("{8BC9CEB8-8B4A-11D0-8D11-00A0C91BC942}") = "Loader", "Projects\Loader\Loader.vcxproj", "{3D6DF487-959B-45DD-8F6A-2A31F2CD3FAD}"
	ProjectSection(ProjectDependencies) = postProject
		{7218573D-FF30-4557-9C7B-EDAFB9769BEE} = {7218573D-FF30-4557-9C7B-EDAFB9769BEE}
		{1A59E34C-E43E-40B0-B058-E02AFA2D8B3B} = {1A59E34C-E43E-40B0-B058-E02AFA2D8B3B}
		{A1BC5EB8-21D7-4309-AA1D-74B0B4C44026} = {A1BC5EB8-21D7-4309-AA1D-74B0B4C44026}
		{608635EC-204E-4AD9-B843-61DFCE243772} = {608635EC-204E-4AD9-B843-61DFCE243772}
	EndProjectSection
EndProject
Project("{8BC9CEB8-8B4A-11D0-8D11-00A0C91BC942}") = "Server", "Projects\Server\Server.vcxproj", "{A1BC5EB8-21D7-4309-AA1D-74B0B4C44026}"
	ProjectSection(ProjectDependencies) = postProject
		{7218573D-FF30-4557-9C7B-EDAFB9769BEE} = {7218573D-FF30-4557-9C7B-EDAFB9769BEE}
		{1A59E34C-E43E-40B0-B058-E02AFA2D8B3B} = {1A59E34C-E43E-40B0-B058-E02AFA2D8B3B}
		{608635EC-204E-4AD9-B843-61DFCE243772} = {608635EC-204E-4AD9-B843-61DFCE243772}
	EndProjectSection
EndProject
Project("{8BC9CEB8-8B4A-11D0-8D11-00A0C91BC942}") = "Client", "Projects\Client\Client.vcxproj", "{608635EC-204E-4AD9-B843-61DFCE243772}"
	ProjectSection(ProjectDependencies) = postProject
		{7218573D-FF30-4557-9C7B-EDAFB9769BEE} = {7218573D-FF30-4557-9C7B-EDAFB9769BEE}
		{1A59E34C-E43E-40B0-B058-E02AFA2D8B3B} = {1A59E34C-E43E-40B0-B058-E02AFA2D8B3B}
	EndProjectSection
EndProject
Project("{8BC9CEB8-8B4A-11D0-8D11-00A0C91BC942}") = "Mailman", "Projects\Mailman\Mailman.vcxproj", "{7218573D-FF30-4557-9C7B-EDAFB9769BEE}"
	ProjectSection(ProjectDependencies) = postProject
		{1A59E34C-E43E-40B0-B058-E02AFA2D8B3B} = {1A59E34C-E43E-40B0-B058-E02AFA2D8B3B}
	EndProjectSection
EndProject
Project("{8BC9CEB8-8B4A-11D0-8D11-00A0C91BC942}") = "util", "References\util\util.vcxproj", "{1A59E34C-E43E-40B0-B058-E02AFA2D8B3B}"
EndProject
Global
	GlobalSection(SolutionConfigurationPlatforms) = preSolution
		Debug|Win32 = Debug|Win32
		Release|Win32 = Release|Win32
	EndGlobalSection
	GlobalSection(ProjectConfigurationPlatforms) = postSolution
		{3D6DF487-959B-45DD-8F6A-2A31F2CD3FAD}.Debug|Win32.ActiveCfg = Debug|Win32
		{3D6DF487-959B-45DD-8F6A-2A31F2CD3FAD}.Debug|Win32.Build.0 = Debug|Win32
		{3D6DF487-959B-45DD-8F6A-2A31F2CD3FAD}.Release|Win32.ActiveCfg = Release|Win32
		{3D6DF487-959B-45DD-8F6A-2A31F2CD3FAD}.Release|Win32.Build.0 = Release|Win32
		{A1BC5EB8-21D7-4309-AA1D-74B0B4C44026}.Debug|Win32.ActiveCfg = Debug|Win32
		{A1BC5EB8-21D7-4309-AA1D-74B0B4C44026}.Debug|Win32.Build.0 = Debug|Win32
		{A1BC5EB8-21D7-4309-AA1D-74B0B4C44026}.Release|Win32.ActiveCfg = Release|Win32
		{A1BC5EB8-21D7-4309-AA1D-74B0B4C44026}.Release|Win32.Build.0 = Release|Win32
		{608635EC-204E-4AD9-B843-61DFCE243772}.Debug|Win32.ActiveCfg = Debug|Win32
		{608635EC-204E-4AD9-B843-61DFCE243772}.Debug|Win32.Build.0 = Debug|Win32
		{608635EC-204E-4AD9-B843-61DFCE243772}.Release|Win32.ActiveCfg = Release|Win32
		{608635EC-204E-4AD9-B843-61DFCE243772}.Release|Win32.Build.0 = Release|Win32
		{7218573D-FF30-4557-9C7B-EDAFB9769BEE}.Debug|Win32.ActiveCfg = Debug|Win32
		{7218573D-FF30-4557-9C7B-EDAFB9769BEE}.Debug|Win32.Build.0 = Debug|Win32
		{7218573D-FF30-4557-9C7B-EDAFB9769BEE}.Release|Win32.ActiveCfg = Release|Win32
		{7218573D-FF30-4557-9C7B-EDAFB9769BEE}.Release|Win32.Build.0 = Release|Win32
		{1A59E34C-E43E-40B0-B058-E02AFA2D8B3B}.Debug|Win32.ActiveCfg = Debug|Win32
		{1A59E34C-E43E-40B0-B058-E02AFA2D8B3B}.Debug|Win32.Build.0 = Debug|Win32
		{1A59E34C-E43E-40B0-B058-E02AFA2D8B3B}.Release|Win32.ActiveCfg = Release|Win32
		{1A59E34C-E43E-40B0-B058-E02AFA2D8B3B}.Release|Win32.Build.0 = Release|Win32
	EndGlobalSection
	GlobalSection(SolutionProperties) = preSolution
		HideSolutionNode = FALSE
	EndGlobalSection
	GlobalSection(NestedProjects) = preSolution
		{3D6DF487-959B-45DD-8F6A-2A31F2CD3FAD} = {73C62113-20AF-4A09-B09E-8850D96FE247}
		{A1BC5EB8-21D7-4309-AA1D-74B0B4C44026} = {73C62113-20AF-4A09-B09E-8850D96FE247}
		{608635EC-204E-4AD9-B843-61DFCE243772} = {73C62113-20AF-4A09-B09E-8850D96FE247}
		{7218573D-FF30-4557-9C7B-EDAFB9769BEE} = {73C62113-20AF-4A09-B09E-8850D96FE247}
		{1A59E34C-E43E-40B0-B058-E02AFA2D8B3B} = {206A43F6-A4B3-4648-A6F4-032BE4FB2C3F}
	EndGlobalSection
EndGlobal
