
Microsoft Visual Studio Solution File, Format Version 10.00
# Visual Studio 2008
Project("{8BC9CEB8-8B4A-11D0-8D11-00A0C91BC942}") = "Server", "Server\Server.vcproj", "{010D7933-49C7-484D-BB4B-C26ABE95A269}"
EndProject
Global
	GlobalSection(SolutionConfigurationPlatforms) = preSolution
		Debug|Win32 = Debug|Win32
		Release|Win32 = Release|Win32
	EndGlobalSection
	GlobalSection(ProjectConfigurationPlatforms) = postSolution
		{010D7933-49C7-484D-BB4B-C26ABE95A269}.Debug|Win32.ActiveCfg = Debug|Win32
		{010D7933-49C7-484D-BB4B-C26ABE95A269}.Debug|Win32.Build.0 = Debug|Win32
		{010D7933-49C7-484D-BB4B-C26ABE95A269}.Release|Win32.ActiveCfg = Release|Win32
		{010D7933-49C7-484D-BB4B-C26ABE95A269}.Release|Win32.Build.0 = Release|Win32
	EndGlobalSection
	GlobalSection(SolutionProperties) = preSolution
		HideSolutionNode = FALSE
	EndGlobalSection
EndGlobal
